
Microsoft Visual Studio Solution File, Format Version 12.00
# Visual Studio Version 17
VisualStudioVersion = 17.11.35312.102
MinimumVisualStudioVersion = 10.0.40219.1
Project("{FAE04EC0-301F-11D3-BF4B-00C04F79EFBC}") = "BlazingShop.Server", "BlazingShop\Server\BlazingShop.Server.csproj", "{4B932C4E-F28C-4299-8E98-EF7CA02D49A0}"
EndProject
Project("{FAE04EC0-301F-11D3-BF4B-00C04F79EFBC}") = "BlazingShop.Client", "BlazingShop\Client\BlazingShop.Client.csproj", "{2BE3D414-3B26-47C9-9936-ACECF1BA49B1}"
EndProject
Project("{FAE04EC0-301F-11D3-BF4B-00C04F79EFBC}") = "BlazingShop.Shared", "BlazingShop\Shared\BlazingShop.Shared.csproj", "{C7B0613F-7F52-465F-99B6-CD49D193EC72}"
EndProject
Global
	GlobalSection(SolutionConfigurationPlatforms) = preSolution
		Debug|Any CPU = Debug|Any CPU
		Release|Any CPU = Release|Any CPU
	EndGlobalSection
	GlobalSection(ProjectConfigurationPlatforms) = postSolution
		{4B932C4E-F28C-4299-8E98-EF7CA02D49A0}.Debug|Any CPU.ActiveCfg = Debug|Any CPU
		{4B932C4E-F28C-4299-8E98-EF7CA02D49A0}.Debug|Any CPU.Build.0 = Debug|Any CPU
		{4B932C4E-F28C-4299-8E98-EF7CA02D49A0}.Release|Any CPU.ActiveCfg = Release|Any CPU
		{4B932C4E-F28C-4299-8E98-EF7CA02D49A0}.Release|Any CPU.Build.0 = Release|Any CPU
		{2BE3D414-3B26-47C9-9936-ACECF1BA49B1}.Debug|Any CPU.ActiveCfg = Debug|Any CPU
		{2BE3D414-3B26-47C9-9936-ACECF1BA49B1}.Debug|Any CPU.Build.0 = Debug|Any CPU
		{2BE3D414-3B26-47C9-9936-ACECF1BA49B1}.Release|Any CPU.ActiveCfg = Release|Any CPU
		{2BE3D414-3B26-47C9-9936-ACECF1BA49B1}.Release|Any CPU.Build.0 = Release|Any CPU
		{C7B0613F-7F52-465F-99B6-CD49D193EC72}.Debug|Any CPU.ActiveCfg = Debug|Any CPU
		{C7B0613F-7F52-465F-99B6-CD49D193EC72}.Debug|Any CPU.Build.0 = Debug|Any CPU
		{C7B0613F-7F52-465F-99B6-CD49D193EC72}.Release|Any CPU.ActiveCfg = Release|Any CPU
		{C7B0613F-7F52-465F-99B6-CD49D193EC72}.Release|Any CPU.Build.0 = Release|Any CPU
	EndGlobalSection
	GlobalSection(SolutionProperties) = preSolution
		HideSolutionNode = FALSE
	EndGlobalSection
	GlobalSection(ExtensibilityGlobals) = postSolution
		SolutionGuid = {5607E231-C3E4-48B2-BF64-8881537252EB}
	EndGlobalSection
EndGlobal
